
Microsoft Visual Studio Solution File, Format Version 12.00
# Visual Studio 2012
Project("{FAE04EC0-301F-11D3-BF4B-00C04F79EFBC}") = "DrawWindow", "DrawWindow\DrawWindow.csproj", "{651D9D05-7922-459B-A1A2-48B34D8A8229}"
EndProject
Global
	GlobalSection(SolutionConfigurationPlatforms) = preSolution
		Debug|Any CPU = Debug|Any CPU
		Release|Any CPU = Release|Any CPU
	EndGlobalSection
	GlobalSection(ProjectConfigurationPlatforms) = postSolution
		{651D9D05-7922-459B-A1A2-48B34D8A8229}.Debug|Any CPU.ActiveCfg = Debug|Any CPU
		{651D9D05-7922-459B-A1A2-48B34D8A8229}.Debug|Any CPU.Build.0 = Debug|Any CPU
		{651D9D05-7922-459B-A1A2-48B34D8A8229}.Release|Any CPU.ActiveCfg = Release|Any CPU
		{651D9D05-7922-459B-A1A2-48B34D8A8229}.Release|Any CPU.Build.0 = Release|Any CPU
	EndGlobalSection
	GlobalSection(SolutionProperties) = preSolution
		HideSolutionNode = FALSE
	EndGlobalSection
EndGlobal
